
Microsoft Visual Studio Solution File, Format Version 12.00
# Visual Studio Version 17
VisualStudioVersion = 17.0.31903.59
MinimumVisualStudioVersion = 10.0.40219.1
Project("{2150E333-8FDC-42A3-9474-1A3956D46DE8}") = "TradeflowApi", "TradeflowApi", "{5C1E8D06-447A-072C-20C3-253A13518573}"
EndProject
Project("{FAE04EC0-301F-11D3-BF4B-00C04F79EFBC}") = "Tradeflow.Tests", "TradeflowApi\Tradeflow.Tests\Tradeflow.Tests.csproj", "{15F3E088-73C2-45EE-BABE-A5B80F395AD0}"
EndProject
Project("{FAE04EC0-301F-11D3-BF4B-00C04F79EFBC}") = "Application", "TradeflowApi\Application\Application.csproj", "{696C976E-0970-4F59-9961-70D1A411716F}"
EndProject
Project("{FAE04EC0-301F-11D3-BF4B-00C04F79EFBC}") = "Domain", "TradeflowApi\Domain\Domain.csproj", "{2FCB9664-E5D1-40F5-89F5-396F4FAF995D}"
EndProject
Project("{FAE04EC0-301F-11D3-BF4B-00C04F79EFBC}") = "Infrastructure", "TradeflowApi\Infrastructure\Infrastructure.csproj", "{DE3D20C8-C953-46DB-9FDD-A9463CAAD0A6}"
EndProject
Global
	GlobalSection(SolutionConfigurationPlatforms) = preSolution
		Debug|Any CPU = Debug|Any CPU
		Debug|x64 = Debug|x64
		Debug|x86 = Debug|x86
		Release|Any CPU = Release|Any CPU
		Release|x64 = Release|x64
		Release|x86 = Release|x86
	EndGlobalSection
	GlobalSection(ProjectConfigurationPlatforms) = postSolution
		{15F3E088-73C2-45EE-BABE-A5B80F395AD0}.Debug|Any CPU.ActiveCfg = Debug|Any CPU
		{15F3E088-73C2-45EE-BABE-A5B80F395AD0}.Debug|Any CPU.Build.0 = Debug|Any CPU
		{15F3E088-73C2-45EE-BABE-A5B80F395AD0}.Debug|x64.ActiveCfg = Debug|Any CPU
		{15F3E088-73C2-45EE-BABE-A5B80F395AD0}.Debug|x64.Build.0 = Debug|Any CPU
		{15F3E088-73C2-45EE-BABE-A5B80F395AD0}.Debug|x86.ActiveCfg = Debug|Any CPU
		{15F3E088-73C2-45EE-BABE-A5B80F395AD0}.Debug|x86.Build.0 = Debug|Any CPU
		{15F3E088-73C2-45EE-BABE-A5B80F395AD0}.Release|Any CPU.ActiveCfg = Release|Any CPU
		{15F3E088-73C2-45EE-BABE-A5B80F395AD0}.Release|Any CPU.Build.0 = Release|Any CPU
		{15F3E088-73C2-45EE-BABE-A5B80F395AD0}.Release|x64.ActiveCfg = Release|Any CPU
		{15F3E088-73C2-45EE-BABE-A5B80F395AD0}.Release|x64.Build.0 = Release|Any CPU
		{15F3E088-73C2-45EE-BABE-A5B80F395AD0}.Release|x86.ActiveCfg = Release|Any CPU
		{15F3E088-73C2-45EE-BABE-A5B80F395AD0}.Release|x86.Build.0 = Release|Any CPU
		{696C976E-0970-4F59-9961-70D1A411716F}.Debug|Any CPU.ActiveCfg = Debug|Any CPU
		{696C976E-0970-4F59-9961-70D1A411716F}.Debug|Any CPU.Build.0 = Debug|Any CPU
		{696C976E-0970-4F59-9961-70D1A411716F}.Debug|x64.ActiveCfg = Debug|Any CPU
		{696C976E-0970-4F59-9961-70D1A411716F}.Debug|x64.Build.0 = Debug|Any CPU
		{696C976E-0970-4F59-9961-70D1A411716F}.Debug|x86.ActiveCfg = Debug|Any CPU
		{696C976E-0970-4F59-9961-70D1A411716F}.Debug|x86.Build.0 = Debug|Any CPU
		{696C976E-0970-4F59-9961-70D1A411716F}.Release|Any CPU.ActiveCfg = Release|Any CPU
		{696C976E-0970-4F59-9961-70D1A411716F}.Release|Any CPU.Build.0 = Release|Any CPU
		{696C976E-0970-4F59-9961-70D1A411716F}.Release|x64.ActiveCfg = Release|Any CPU
		{696C976E-0970-4F59-9961-70D1A411716F}.Release|x64.Build.0 = Release|Any CPU
		{696C976E-0970-4F59-9961-70D1A411716F}.Release|x86.ActiveCfg = Release|Any CPU
		{696C976E-0970-4F59-9961-70D1A411716F}.Release|x86.Build.0 = Release|Any CPU
		{2FCB9664-E5D1-40F5-89F5-396F4FAF995D}.Debug|Any CPU.ActiveCfg = Debug|Any CPU
		{2FCB9664-E5D1-40F5-89F5-396F4FAF995D}.Debug|Any CPU.Build.0 = Debug|Any CPU
		{2FCB9664-E5D1-40F5-89F5-396F4FAF995D}.Debug|x64.ActiveCfg = Debug|Any CPU
		{2FCB9664-E5D1-40F5-89F5-396F4FAF995D}.Debug|x64.Build.0 = Debug|Any CPU
		{2FCB9664-E5D1-40F5-89F5-396F4FAF995D}.Debug|x86.ActiveCfg = Debug|Any CPU
		{2FCB9664-E5D1-40F5-89F5-396F4FAF995D}.Debug|x86.Build.0 = Debug|Any CPU
		{2FCB9664-E5D1-40F5-89F5-396F4FAF995D}.Release|Any CPU.ActiveCfg = Release|Any CPU
		{2FCB9664-E5D1-40F5-89F5-396F4FAF995D}.Release|Any CPU.Build.0 = Release|Any CPU
		{2FCB9664-E5D1-40F5-89F5-396F4FAF995D}.Release|x64.ActiveCfg = Release|Any CPU
		{2FCB9664-E5D1-40F5-89F5-396F4FAF995D}.Release|x64.Build.0 = Release|Any CPU
		{2FCB9664-E5D1-40F5-89F5-396F4FAF995D}.Release|x86.ActiveCfg = Release|Any CPU
		{2FCB9664-E5D1-40F5-89F5-396F4FAF995D}.Release|x86.Build.0 = Release|Any CPU
		{DE3D20C8-C953-46DB-9FDD-A9463CAAD0A6}.Debug|Any CPU.ActiveCfg = Debug|Any CPU
		{DE3D20C8-C953-46DB-9FDD-A9463CAAD0A6}.Debug|Any CPU.Build.0 = Debug|Any CPU
		{DE3D20C8-C953-46DB-9FDD-A9463CAAD0A6}.Debug|x64.ActiveCfg = Debug|Any CPU
		{DE3D20C8-C953-46DB-9FDD-A9463CAAD0A6}.Debug|x64.Build.0 = Debug|Any CPU
		{DE3D20C8-C953-46DB-9FDD-A9463CAAD0A6}.Debug|x86.ActiveCfg = Debug|Any CPU
		{DE3D20C8-C953-46DB-9FDD-A9463CAAD0A6}.Debug|x86.Build.0 = Debug|Any CPU
		{DE3D20C8-C953-46DB-9FDD-A9463CAAD0A6}.Release|Any CPU.ActiveCfg = Release|Any CPU
		{DE3D20C8-C953-46DB-9FDD-A9463CAAD0A6}.Release|Any CPU.Build.0 = Release|Any CPU
		{DE3D20C8-C953-46DB-9FDD-A9463CAAD0A6}.Release|x64.ActiveCfg = Release|Any CPU
		{DE3D20C8-C953-46DB-9FDD-A9463CAAD0A6}.Release|x64.Build.0 = Release|Any CPU
		{DE3D20C8-C953-46DB-9FDD-A9463CAAD0A6}.Release|x86.ActiveCfg = Release|Any CPU
		{DE3D20C8-C953-46DB-9FDD-A9463CAAD0A6}.Release|x86.Build.0 = Release|Any CPU
	EndGlobalSection
	GlobalSection(SolutionProperties) = preSolution
		HideSolutionNode = FALSE
	EndGlobalSection
	GlobalSection(NestedProjects) = preSolution
		{15F3E088-73C2-45EE-BABE-A5B80F395AD0} = {5C1E8D06-447A-072C-20C3-253A13518573}
		{696C976E-0970-4F59-9961-70D1A411716F} = {5C1E8D06-447A-072C-20C3-253A13518573}
		{2FCB9664-E5D1-40F5-89F5-396F4FAF995D} = {5C1E8D06-447A-072C-20C3-253A13518573}
		{DE3D20C8-C953-46DB-9FDD-A9463CAAD0A6} = {5C1E8D06-447A-072C-20C3-253A13518573}
	EndGlobalSection
EndGlobal
